// !$*UTF8*$!
{
	archiveVersion = 1;
	classes = {
	};
	objectVersion = 56;
	objects = {

/* Begin PBXBuildFile section */
		307A5CE3291C9DD200F49285 /* IngredientView.swift in Sources */ = {isa = PBXBuildFile; fileRef = 307A5CE2291C9DD200F49285 /* IngredientView.swift */; };
		308CF56D2929B66E0021AEDC /* ToggleButton.swift in Sources */ = {isa = PBXBuildFile; fileRef = 308CF56C2929B66E0021AEDC /* ToggleButton.swift */; };
		30A748202908A72C00560E8D /* MainView.swift in Sources */ = {isa = PBXBuildFile; fileRef = 30A7481F2908A72C00560E8D /* MainView.swift */; };
		30D91D1A2907492000035F16 /* GoogleService-Info.plist in Resources */ = {isa = PBXBuildFile; fileRef = 30D91D192907492000035F16 /* GoogleService-Info.plist */; };
		30D91D1D29074AE900035F16 /* FirebaseAuth in Frameworks */ = {isa = PBXBuildFile; productRef = 30D91D1C29074AE900035F16 /* FirebaseAuth */; };
		30D91D1F29074AE900035F16 /* FirebaseAuthCombine-Community in Frameworks */ = {isa = PBXBuildFile; productRef = 30D91D1E29074AE900035F16 /* FirebaseAuthCombine-Community */; };
		30D91D2129074AE900035F16 /* FirebaseDatabase in Frameworks */ = {isa = PBXBuildFile; productRef = 30D91D2029074AE900035F16 /* FirebaseDatabase */; };
		30D91D2329074AE900035F16 /* FirebaseDatabaseSwift in Frameworks */ = {isa = PBXBuildFile; productRef = 30D91D2229074AE900035F16 /* FirebaseDatabaseSwift */; };
		30D91D2529074AE900035F16 /* FirebaseFirestore in Frameworks */ = {isa = PBXBuildFile; productRef = 30D91D2429074AE900035F16 /* FirebaseFirestore */; };
		30D91D2729074AE900035F16 /* FirebaseFirestoreCombine-Community in Frameworks */ = {isa = PBXBuildFile; productRef = 30D91D2629074AE900035F16 /* FirebaseFirestoreCombine-Community */; };
		30D91D2929074AE900035F16 /* FirebaseFirestoreSwift in Frameworks */ = {isa = PBXBuildFile; productRef = 30D91D2829074AE900035F16 /* FirebaseFirestoreSwift */; };
		30D91D2B29074AE900035F16 /* FirebaseStorage in Frameworks */ = {isa = PBXBuildFile; productRef = 30D91D2A29074AE900035F16 /* FirebaseStorage */; };
		30D91D2D29074AE900035F16 /* FirebaseStorageCombine-Community in Frameworks */ = {isa = PBXBuildFile; productRef = 30D91D2C29074AE900035F16 /* FirebaseStorageCombine-Community */; };
		30D91D2F29074F7100035F16 /* FoodAllergyRepository.swift in Sources */ = {isa = PBXBuildFile; fileRef = 30D91D2E29074F7100035F16 /* FoodAllergyRepository.swift */; };
		30D91D31290750C300035F16 /* Food.swift in Sources */ = {isa = PBXBuildFile; fileRef = 30D91D30290750C300035F16 /* Food.swift */; };
		30D91D33290752ED00035F16 /* AllergyListViewModel.swift in Sources */ = {isa = PBXBuildFile; fileRef = 30D91D32290752ED00035F16 /* AllergyListViewModel.swift */; };
		30D91D3529075EA400035F16 /* BarcodeView.swift in Sources */ = {isa = PBXBuildFile; fileRef = 30D91D3429075EA400035F16 /* BarcodeView.swift */; };
		3F8F7BE7293A72A7009368CB /* EditProfileView.swift in Sources */ = {isa = PBXBuildFile; fileRef = 3F8F7BE6293A72A6009368CB /* EditProfileView.swift */; };
		3F8F7BE9293A7B14009368CB /* NetworkManager.swift in Sources */ = {isa = PBXBuildFile; fileRef = 3F8F7BE8293A7B14009368CB /* NetworkManager.swift */; };
		3F8F7BEB293A7B83009368CB /* SearchedItemView.swift in Sources */ = {isa = PBXBuildFile; fileRef = 3F8F7BEA293A7B83009368CB /* SearchedItemView.swift */; };
		3F8F7BED293A8846009368CB /* SearchedItemIngredientView.swift in Sources */ = {isa = PBXBuildFile; fileRef = 3F8F7BEC293A8846009368CB /* SearchedItemIngredientView.swift */; };
		3FA2319429416BA40015BA8A /* DataScannerView.swift in Sources */ = {isa = PBXBuildFile; fileRef = 3FA2319229416BA40015BA8A /* DataScannerView.swift */; };
		3FA2319529416BA40015BA8A /* AppViewModel.swift in Sources */ = {isa = PBXBuildFile; fileRef = 3FA2319329416BA40015BA8A /* AppViewModel.swift */; };
		3FA2319A2941C18C0015BA8A /* AllergenContainer.xcdatamodeld in Sources */ = {isa = PBXBuildFile; fileRef = 3FA231982941C18C0015BA8A /* AllergenContainer.xcdatamodeld */; };
		3FA2319D2941C1C60015BA8A /* SavedItemContainer.xcdatamodeld in Sources */ = {isa = PBXBuildFile; fileRef = 3FA2319B2941C1C60015BA8A /* SavedItemContainer.xcdatamodeld */; };
		3FA2319F2941C2330015BA8A /* CoreDataAllergenViewModel.swift in Sources */ = {isa = PBXBuildFile; fileRef = 3FA2319E2941C2330015BA8A /* CoreDataAllergenViewModel.swift */; };
		3FA231A12941C2780015BA8A /* CoreDataSavedItemViewModel.swift in Sources */ = {isa = PBXBuildFile; fileRef = 3FA231A02941C2780015BA8A /* CoreDataSavedItemViewModel.swift */; };
		3FA231A32941CA410015BA8A /* SavedItemDetailedView.swift in Sources */ = {isa = PBXBuildFile; fileRef = 3FA231A22941CA410015BA8A /* SavedItemDetailedView.swift */; };
		3FA231A529484F080015BA8A /* SearchedItemNotExistView.swift in Sources */ = {isa = PBXBuildFile; fileRef = 3FA231A429484F060015BA8A /* SearchedItemNotExistView.swift */; };
		971F7D182913325D002FB6A1 /* ContentView.swift in Sources */ = {isa = PBXBuildFile; fileRef = 971F7D172913325D002FB6A1 /* ContentView.swift */; };
		97278ADB29105BC6001492B1 /* ProfileView.swift in Sources */ = {isa = PBXBuildFile; fileRef = 97278ADA29105BC6001492B1 /* ProfileView.swift */; };
		97278ADE29105F11001492B1 /* WelcomeView.swift in Sources */ = {isa = PBXBuildFile; fileRef = 97278ADD29105F11001492B1 /* WelcomeView.swift */; };
		97278AE029105F1D001492B1 /* LoginView.swift in Sources */ = {isa = PBXBuildFile; fileRef = 97278ADF29105F1D001492B1 /* LoginView.swift */; };
		97278AE2291063C9001492B1 /* CreateView.swift in Sources */ = {isa = PBXBuildFile; fileRef = 97278AE1291063C9001492B1 /* CreateView.swift */; };
		97A9365D2900AE5300994E0F /* GaiaApp.swift in Sources */ = {isa = PBXBuildFile; fileRef = 97A9365C2900AE5300994E0F /* GaiaApp.swift */; };
		97A9365F2900AE5300994E0F /* SearchView.swift in Sources */ = {isa = PBXBuildFile; fileRef = 97A9365E2900AE5300994E0F /* SearchView.swift */; };
		97A936612900AE5500994E0F /* Assets.xcassets in Resources */ = {isa = PBXBuildFile; fileRef = 97A936602900AE5500994E0F /* Assets.xcassets */; };
		97A936642900AE5500994E0F /* Preview Assets.xcassets in Resources */ = {isa = PBXBuildFile; fileRef = 97A936632900AE5500994E0F /* Preview Assets.xcassets */; };
		97A9366E2900AE5500994E0F /* GaiaTests.swift in Sources */ = {isa = PBXBuildFile; fileRef = 97A9366D2900AE5500994E0F /* GaiaTests.swift */; };
		97A936782900AE5500994E0F /* GaiaUITests.swift in Sources */ = {isa = PBXBuildFile; fileRef = 97A936772900AE5500994E0F /* GaiaUITests.swift */; };
		97A9367A2900AE5500994E0F /* GaiaUITestsLaunchTests.swift in Sources */ = {isa = PBXBuildFile; fileRef = 97A936792900AE5500994E0F /* GaiaUITestsLaunchTests.swift */; };
		97FC3EE52929843E002F7261 /* AllergenPickView.swift in Sources */ = {isa = PBXBuildFile; fileRef = 97FC3EE42929843D002F7261 /* AllergenPickView.swift */; };
		97FC3EE929299260002F7261 /* ProfileTabModel.swift in Sources */ = {isa = PBXBuildFile; fileRef = 97FC3EE829299260002F7261 /* ProfileTabModel.swift */; };
		97FC3EEC292D8EC8002F7261 /* AllergenView.swift in Sources */ = {isa = PBXBuildFile; fileRef = 97FC3EEB292D8EC8002F7261 /* AllergenView.swift */; };
		97FC3EEE292D8ED8002F7261 /* SavedListView.swift in Sources */ = {isa = PBXBuildFile; fileRef = 97FC3EED292D8ED8002F7261 /* SavedListView.swift */; };
/* End PBXBuildFile section */

/* Begin PBXContainerItemProxy section */
		97A9366A2900AE5500994E0F /* PBXContainerItemProxy */ = {
			isa = PBXContainerItemProxy;
			containerPortal = 97A936512900AE5300994E0F /* Project object */;
			proxyType = 1;
			remoteGlobalIDString = 97A936582900AE5300994E0F;
			remoteInfo = Gaia;
		};
		97A936742900AE5500994E0F /* PBXContainerItemProxy */ = {
			isa = PBXContainerItemProxy;
			containerPortal = 97A936512900AE5300994E0F /* Project object */;
			proxyType = 1;
			remoteGlobalIDString = 97A936582900AE5300994E0F;
			remoteInfo = Gaia;
		};
/* End PBXContainerItemProxy section */

/* Begin PBXFileReference section */
		307A5CE2291C9DD200F49285 /* IngredientView.swift */ = {isa = PBXFileReference; lastKnownFileType = sourcecode.swift; path = IngredientView.swift; sourceTree = "<group>"; };
		308CF56C2929B66E0021AEDC /* ToggleButton.swift */ = {isa = PBXFileReference; lastKnownFileType = sourcecode.swift; path = ToggleButton.swift; sourceTree = "<group>"; };
		30A7481F2908A72C00560E8D /* MainView.swift */ = {isa = PBXFileReference; lastKnownFileType = sourcecode.swift; path = MainView.swift; sourceTree = "<group>"; };
		30D91D192907492000035F16 /* GoogleService-Info.plist */ = {isa = PBXFileReference; fileEncoding = 4; lastKnownFileType = text.plist.xml; path = "GoogleService-Info.plist"; sourceTree = "<group>"; };
		30D91D2E29074F7100035F16 /* FoodAllergyRepository.swift */ = {isa = PBXFileReference; lastKnownFileType = sourcecode.swift; path = FoodAllergyRepository.swift; sourceTree = "<group>"; };
		30D91D30290750C300035F16 /* Food.swift */ = {isa = PBXFileReference; lastKnownFileType = sourcecode.swift; path = Food.swift; sourceTree = "<group>"; };
		30D91D32290752ED00035F16 /* AllergyListViewModel.swift */ = {isa = PBXFileReference; lastKnownFileType = sourcecode.swift; path = AllergyListViewModel.swift; sourceTree = "<group>"; };
		30D91D3429075EA400035F16 /* BarcodeView.swift */ = {isa = PBXFileReference; lastKnownFileType = sourcecode.swift; path = BarcodeView.swift; sourceTree = "<group>"; };
		3F8F7BE6293A72A6009368CB /* EditProfileView.swift */ = {isa = PBXFileReference; lastKnownFileType = sourcecode.swift; path = EditProfileView.swift; sourceTree = "<group>"; };
		3F8F7BE8293A7B14009368CB /* NetworkManager.swift */ = {isa = PBXFileReference; lastKnownFileType = sourcecode.swift; path = NetworkManager.swift; sourceTree = "<group>"; };
		3F8F7BEA293A7B83009368CB /* SearchedItemView.swift */ = {isa = PBXFileReference; lastKnownFileType = sourcecode.swift; path = SearchedItemView.swift; sourceTree = "<group>"; };
		3F8F7BEC293A8846009368CB /* SearchedItemIngredientView.swift */ = {isa = PBXFileReference; lastKnownFileType = sourcecode.swift; path = SearchedItemIngredientView.swift; sourceTree = "<group>"; };
		3FA2319229416BA40015BA8A /* DataScannerView.swift */ = {isa = PBXFileReference; fileEncoding = 4; lastKnownFileType = sourcecode.swift; path = DataScannerView.swift; sourceTree = "<group>"; };
		3FA2319329416BA40015BA8A /* AppViewModel.swift */ = {isa = PBXFileReference; fileEncoding = 4; lastKnownFileType = sourcecode.swift; path = AppViewModel.swift; sourceTree = "<group>"; };
		3FA2319629416E970015BA8A /* Info.plist */ = {isa = PBXFileReference; lastKnownFileType = text.plist; path = Info.plist; sourceTree = "<group>"; };
		3FA231992941C18C0015BA8A /* AllergenContainer.xcdatamodel */ = {isa = PBXFileReference; lastKnownFileType = wrapper.xcdatamodel; path = AllergenContainer.xcdatamodel; sourceTree = "<group>"; };
		3FA2319C2941C1C60015BA8A /* SavedItemContainer.xcdatamodel */ = {isa = PBXFileReference; lastKnownFileType = wrapper.xcdatamodel; path = SavedItemContainer.xcdatamodel; sourceTree = "<group>"; };
		3FA2319E2941C2330015BA8A /* CoreDataAllergenViewModel.swift */ = {isa = PBXFileReference; lastKnownFileType = sourcecode.swift; path = CoreDataAllergenViewModel.swift; sourceTree = "<group>"; };
		3FA231A02941C2780015BA8A /* CoreDataSavedItemViewModel.swift */ = {isa = PBXFileReference; lastKnownFileType = sourcecode.swift; path = CoreDataSavedItemViewModel.swift; sourceTree = "<group>"; };
		3FA231A22941CA410015BA8A /* SavedItemDetailedView.swift */ = {isa = PBXFileReference; lastKnownFileType = sourcecode.swift; path = SavedItemDetailedView.swift; sourceTree = "<group>"; };
		3FA231A429484F060015BA8A /* SearchedItemNotExistView.swift */ = {isa = PBXFileReference; lastKnownFileType = sourcecode.swift; path = SearchedItemNotExistView.swift; sourceTree = "<group>"; };
		971F7D172913325D002FB6A1 /* ContentView.swift */ = {isa = PBXFileReference; lastKnownFileType = sourcecode.swift; path = ContentView.swift; sourceTree = "<group>"; };
		97278ADA29105BC6001492B1 /* ProfileView.swift */ = {isa = PBXFileReference; lastKnownFileType = sourcecode.swift; path = ProfileView.swift; sourceTree = "<group>"; };
		97278ADD29105F11001492B1 /* WelcomeView.swift */ = {isa = PBXFileReference; lastKnownFileType = sourcecode.swift; path = WelcomeView.swift; sourceTree = "<group>"; };
		97278ADF29105F1D001492B1 /* LoginView.swift */ = {isa = PBXFileReference; lastKnownFileType = sourcecode.swift; path = LoginView.swift; sourceTree = "<group>"; };
		97278AE1291063C9001492B1 /* CreateView.swift */ = {isa = PBXFileReference; lastKnownFileType = sourcecode.swift; path = CreateView.swift; sourceTree = "<group>"; };
		97A936592900AE5300994E0F /* Gaia.app */ = {isa = PBXFileReference; explicitFileType = wrapper.application; includeInIndex = 0; path = Gaia.app; sourceTree = BUILT_PRODUCTS_DIR; };
		97A9365C2900AE5300994E0F /* GaiaApp.swift */ = {isa = PBXFileReference; lastKnownFileType = sourcecode.swift; path = GaiaApp.swift; sourceTree = "<group>"; };
		97A9365E2900AE5300994E0F /* SearchView.swift */ = {isa = PBXFileReference; lastKnownFileType = sourcecode.swift; path = SearchView.swift; sourceTree = "<group>"; };
		97A936602900AE5500994E0F /* Assets.xcassets */ = {isa = PBXFileReference; lastKnownFileType = folder.assetcatalog; path = Assets.xcassets; sourceTree = "<group>"; };
		97A936632900AE5500994E0F /* Preview Assets.xcassets */ = {isa = PBXFileReference; lastKnownFileType = folder.assetcatalog; path = "Preview Assets.xcassets"; sourceTree = "<group>"; };
		97A936692900AE5500994E0F /* GaiaTests.xctest */ = {isa = PBXFileReference; explicitFileType = wrapper.cfbundle; includeInIndex = 0; path = GaiaTests.xctest; sourceTree = BUILT_PRODUCTS_DIR; };
		97A9366D2900AE5500994E0F /* GaiaTests.swift */ = {isa = PBXFileReference; lastKnownFileType = sourcecode.swift; path = GaiaTests.swift; sourceTree = "<group>"; };
		97A936732900AE5500994E0F /* GaiaUITests.xctest */ = {isa = PBXFileReference; explicitFileType = wrapper.cfbundle; includeInIndex = 0; path = GaiaUITests.xctest; sourceTree = BUILT_PRODUCTS_DIR; };
		97A936772900AE5500994E0F /* GaiaUITests.swift */ = {isa = PBXFileReference; lastKnownFileType = sourcecode.swift; path = GaiaUITests.swift; sourceTree = "<group>"; };
		97A936792900AE5500994E0F /* GaiaUITestsLaunchTests.swift */ = {isa = PBXFileReference; lastKnownFileType = sourcecode.swift; path = GaiaUITestsLaunchTests.swift; sourceTree = "<group>"; };
		97FC3EE42929843D002F7261 /* AllergenPickView.swift */ = {isa = PBXFileReference; lastKnownFileType = sourcecode.swift; path = AllergenPickView.swift; sourceTree = "<group>"; };
		97FC3EE829299260002F7261 /* ProfileTabModel.swift */ = {isa = PBXFileReference; lastKnownFileType = sourcecode.swift; path = ProfileTabModel.swift; sourceTree = "<group>"; };
		97FC3EEB292D8EC8002F7261 /* AllergenView.swift */ = {isa = PBXFileReference; lastKnownFileType = sourcecode.swift; path = AllergenView.swift; sourceTree = "<group>"; };
		97FC3EED292D8ED8002F7261 /* SavedListView.swift */ = {isa = PBXFileReference; lastKnownFileType = sourcecode.swift; path = SavedListView.swift; sourceTree = "<group>"; };
/* End PBXFileReference section */

/* Begin PBXFrameworksBuildPhase section */
		97A936562900AE5300994E0F /* Frameworks */ = {
			isa = PBXFrameworksBuildPhase;
			buildActionMask = 2147483647;
			files = (
				30D91D2329074AE900035F16 /* FirebaseDatabaseSwift in Frameworks */,
				30D91D2129074AE900035F16 /* FirebaseDatabase in Frameworks */,
				30D91D1D29074AE900035F16 /* FirebaseAuth in Frameworks */,
				30D91D2929074AE900035F16 /* FirebaseFirestoreSwift in Frameworks */,
				30D91D2729074AE900035F16 /* FirebaseFirestoreCombine-Community in Frameworks */,
				30D91D2B29074AE900035F16 /* FirebaseStorage in Frameworks */,
				30D91D2529074AE900035F16 /* FirebaseFirestore in Frameworks */,
				30D91D2D29074AE900035F16 /* FirebaseStorageCombine-Community in Frameworks */,
				30D91D1F29074AE900035F16 /* FirebaseAuthCombine-Community in Frameworks */,
			);
			runOnlyForDeploymentPostprocessing = 0;
		};
		97A936662900AE5500994E0F /* Frameworks */ = {
			isa = PBXFrameworksBuildPhase;
			buildActionMask = 2147483647;
			files = (
			);
			runOnlyForDeploymentPostprocessing = 0;
		};
		97A936702900AE5500994E0F /* Frameworks */ = {
			isa = PBXFrameworksBuildPhase;
			buildActionMask = 2147483647;
			files = (
			);
			runOnlyForDeploymentPostprocessing = 0;
		};
/* End PBXFrameworksBuildPhase section */

/* Begin PBXGroup section */
		3FA2318B294167440015BA8A /* Barcode */ = {
			isa = PBXGroup;
			children = (
				30D91D3429075EA400035F16 /* BarcodeView.swift */,
				3FA2319329416BA40015BA8A /* AppViewModel.swift */,
				3FA2319229416BA40015BA8A /* DataScannerView.swift */,
			);
			path = Barcode;
			sourceTree = "<group>";
		};
		3FA231972941BE810015BA8A /* Account Setup */ = {
			isa = PBXGroup;
			children = (
				971F7D172913325D002FB6A1 /* ContentView.swift */,
				97278ADD29105F11001492B1 /* WelcomeView.swift */,
				97278ADF29105F1D001492B1 /* LoginView.swift */,
				97278AE1291063C9001492B1 /* CreateView.swift */,
				97FC3EE42929843D002F7261 /* AllergenPickView.swift */,
			);
			path = "Account Setup";
			sourceTree = "<group>";
		};
		97A936502900AE5200994E0F = {
			isa = PBXGroup;
			children = (
				30D91D32290752ED00035F16 /* AllergyListViewModel.swift */,
				30D91D30290750C300035F16 /* Food.swift */,
				30D91D2E29074F7100035F16 /* FoodAllergyRepository.swift */,
				3F8F7BE8293A7B14009368CB /* NetworkManager.swift */,
				97A9365B2900AE5300994E0F /* Gaia */,
				97A9366C2900AE5500994E0F /* GaiaTests */,
				97A936762900AE5500994E0F /* GaiaUITests */,
				97A9365A2900AE5300994E0F /* Products */,
			);
			sourceTree = "<group>";
		};
		97A9365A2900AE5300994E0F /* Products */ = {
			isa = PBXGroup;
			children = (
				97A936592900AE5300994E0F /* Gaia.app */,
				97A936692900AE5500994E0F /* GaiaTests.xctest */,
				97A936732900AE5500994E0F /* GaiaUITests.xctest */,
			);
			name = Products;
			sourceTree = "<group>";
		};
		97A9365B2900AE5300994E0F /* Gaia */ = {
			isa = PBXGroup;
			children = (
				3FA2319629416E970015BA8A /* Info.plist */,
				97A9365C2900AE5300994E0F /* GaiaApp.swift */,
				3FA2318B294167440015BA8A /* Barcode */,
				3FA231972941BE810015BA8A /* Account Setup */,
				30A7481F2908A72C00560E8D /* MainView.swift */,
				308CF56C2929B66E0021AEDC /* ToggleButton.swift */,
				97A9365E2900AE5300994E0F /* SearchView.swift */,
				3F8F7BEA293A7B83009368CB /* SearchedItemView.swift */,
				3FA231A429484F060015BA8A /* SearchedItemNotExistView.swift */,
				3F8F7BEC293A8846009368CB /* SearchedItemIngredientView.swift */,
				307A5CE2291C9DD200F49285 /* IngredientView.swift */,
				97FC3EEA292D8EAA002F7261 /* Saved Data for Profile */,
				97278ADA29105BC6001492B1 /* ProfileView.swift */,
				3FA231A22941CA410015BA8A /* SavedItemDetailedView.swift */,
				3F8F7BE6293A72A6009368CB /* EditProfileView.swift */,
				97FC3EE829299260002F7261 /* ProfileTabModel.swift */,
				3FA2319E2941C2330015BA8A /* CoreDataAllergenViewModel.swift */,
				3FA231A02941C2780015BA8A /* CoreDataSavedItemViewModel.swift */,
				3FA231982941C18C0015BA8A /* AllergenContainer.xcdatamodeld */,
				3FA2319B2941C1C60015BA8A /* SavedItemContainer.xcdatamodeld */,
				97A936602900AE5500994E0F /* Assets.xcassets */,
				30D91D192907492000035F16 /* GoogleService-Info.plist */,
				97A936622900AE5500994E0F /* Preview Content */,
			);
			path = Gaia;
			sourceTree = "<group>";
		};
		97A936622900AE5500994E0F /* Preview Content */ = {
			isa = PBXGroup;
			children = (
				97A936632900AE5500994E0F /* Preview Assets.xcassets */,
			);
			path = "Preview Content";
			sourceTree = "<group>";
		};
		97A9366C2900AE5500994E0F /* GaiaTests */ = {
			isa = PBXGroup;
			children = (
				97A9366D2900AE5500994E0F /* GaiaTests.swift */,
			);
			path = GaiaTests;
			sourceTree = "<group>";
		};
		97A936762900AE5500994E0F /* GaiaUITests */ = {
			isa = PBXGroup;
			children = (
				97A936772900AE5500994E0F /* GaiaUITests.swift */,
				97A936792900AE5500994E0F /* GaiaUITestsLaunchTests.swift */,
			);
			path = GaiaUITests;
			sourceTree = "<group>";
		};
		97FC3EEA292D8EAA002F7261 /* Saved Data for Profile */ = {
			isa = PBXGroup;
			children = (
				97FC3EEB292D8EC8002F7261 /* AllergenView.swift */,
				97FC3EED292D8ED8002F7261 /* SavedListView.swift */,
			);
			path = "Saved Data for Profile";
			sourceTree = "<group>";
		};
/* End PBXGroup section */

/* Begin PBXNativeTarget section */
		97A936582900AE5300994E0F /* Gaia */ = {
			isa = PBXNativeTarget;
			buildConfigurationList = 97A9367D2900AE5500994E0F /* Build configuration list for PBXNativeTarget "Gaia" */;
			buildPhases = (
				97A936552900AE5300994E0F /* Sources */,
				97A936562900AE5300994E0F /* Frameworks */,
				97A936572900AE5300994E0F /* Resources */,
			);
			buildRules = (
			);
			dependencies = (
			);
			name = Gaia;
			packageProductDependencies = (
				30D91D1C29074AE900035F16 /* FirebaseAuth */,
				30D91D1E29074AE900035F16 /* FirebaseAuthCombine-Community */,
				30D91D2029074AE900035F16 /* FirebaseDatabase */,
				30D91D2229074AE900035F16 /* FirebaseDatabaseSwift */,
				30D91D2429074AE900035F16 /* FirebaseFirestore */,
				30D91D2629074AE900035F16 /* FirebaseFirestoreCombine-Community */,
				30D91D2829074AE900035F16 /* FirebaseFirestoreSwift */,
				30D91D2A29074AE900035F16 /* FirebaseStorage */,
				30D91D2C29074AE900035F16 /* FirebaseStorageCombine-Community */,
			);
			productName = Gaia;
			productReference = 97A936592900AE5300994E0F /* Gaia.app */;
			productType = "com.apple.product-type.application";
		};
		97A936682900AE5500994E0F /* GaiaTests */ = {
			isa = PBXNativeTarget;
			buildConfigurationList = 97A936802900AE5500994E0F /* Build configuration list for PBXNativeTarget "GaiaTests" */;
			buildPhases = (
				97A936652900AE5500994E0F /* Sources */,
				97A936662900AE5500994E0F /* Frameworks */,
				97A936672900AE5500994E0F /* Resources */,
			);
			buildRules = (
			);
			dependencies = (
				97A9366B2900AE5500994E0F /* PBXTargetDependency */,
			);
			name = GaiaTests;
			productName = GaiaTests;
			productReference = 97A936692900AE5500994E0F /* GaiaTests.xctest */;
			productType = "com.apple.product-type.bundle.unit-test";
		};
		97A936722900AE5500994E0F /* GaiaUITests */ = {
			isa = PBXNativeTarget;
			buildConfigurationList = 97A936832900AE5500994E0F /* Build configuration list for PBXNativeTarget "GaiaUITests" */;
			buildPhases = (
				97A9366F2900AE5500994E0F /* Sources */,
				97A936702900AE5500994E0F /* Frameworks */,
				97A936712900AE5500994E0F /* Resources */,
			);
			buildRules = (
			);
			dependencies = (
				97A936752900AE5500994E0F /* PBXTargetDependency */,
			);
			name = GaiaUITests;
			productName = GaiaUITests;
			productReference = 97A936732900AE5500994E0F /* GaiaUITests.xctest */;
			productType = "com.apple.product-type.bundle.ui-testing";
		};
/* End PBXNativeTarget section */

/* Begin PBXProject section */
		97A936512900AE5300994E0F /* Project object */ = {
			isa = PBXProject;
			attributes = {
				BuildIndependentTargetsInParallel = 1;
				LastSwiftUpdateCheck = 1400;
				LastUpgradeCheck = 1400;
				TargetAttributes = {
					97A936582900AE5300994E0F = {
						CreatedOnToolsVersion = 14.0.1;
					};
					97A936682900AE5500994E0F = {
						CreatedOnToolsVersion = 14.0.1;
						TestTargetID = 97A936582900AE5300994E0F;
					};
					97A936722900AE5500994E0F = {
						CreatedOnToolsVersion = 14.0.1;
						TestTargetID = 97A936582900AE5300994E0F;
					};
				};
			};
			buildConfigurationList = 97A936542900AE5300994E0F /* Build configuration list for PBXProject "Gaia" */;
			compatibilityVersion = "Xcode 14.0";
			developmentRegion = en;
			hasScannedForEncodings = 0;
			knownRegions = (
				en,
				Base,
			);
			mainGroup = 97A936502900AE5200994E0F;
			packageReferences = (
				30D91D1B29074AE800035F16 /* XCRemoteSwiftPackageReference "firebase-ios-sdk" */,
			);
			productRefGroup = 97A9365A2900AE5300994E0F /* Products */;
			projectDirPath = "";
			projectRoot = "";
			targets = (
				97A936582900AE5300994E0F /* Gaia */,
				97A936682900AE5500994E0F /* GaiaTests */,
				97A936722900AE5500994E0F /* GaiaUITests */,
			);
		};
/* End PBXProject section */

/* Begin PBXResourcesBuildPhase section */
		97A936572900AE5300994E0F /* Resources */ = {
			isa = PBXResourcesBuildPhase;
			buildActionMask = 2147483647;
			files = (
				97A936642900AE5500994E0F /* Preview Assets.xcassets in Resources */,
				97A936612900AE5500994E0F /* Assets.xcassets in Resources */,
				30D91D1A2907492000035F16 /* GoogleService-Info.plist in Resources */,
			);
			runOnlyForDeploymentPostprocessing = 0;
		};
		97A936672900AE5500994E0F /* Resources */ = {
			isa = PBXResourcesBuildPhase;
			buildActionMask = 2147483647;
			files = (
			);
			runOnlyForDeploymentPostprocessing = 0;
		};
		97A936712900AE5500994E0F /* Resources */ = {
			isa = PBXResourcesBuildPhase;
			buildActionMask = 2147483647;
			files = (
			);
			runOnlyForDeploymentPostprocessing = 0;
		};
/* End PBXResourcesBuildPhase section */

/* Begin PBXSourcesBuildPhase section */
		97A936552900AE5300994E0F /* Sources */ = {
			isa = PBXSourcesBuildPhase;
			buildActionMask = 2147483647;
			files = (
				3FA231A32941CA410015BA8A /* SavedItemDetailedView.swift in Sources */,
				97278AE2291063C9001492B1 /* CreateView.swift in Sources */,
				97278ADB29105BC6001492B1 /* ProfileView.swift in Sources */,
				3FA2319D2941C1C60015BA8A /* SavedItemContainer.xcdatamodeld in Sources */,
				3FA2319529416BA40015BA8A /* AppViewModel.swift in Sources */,
				971F7D182913325D002FB6A1 /* ContentView.swift in Sources */,
				30D91D33290752ED00035F16 /* AllergyListViewModel.swift in Sources */,
				30A748202908A72C00560E8D /* MainView.swift in Sources */,
				3FA2319429416BA40015BA8A /* DataScannerView.swift in Sources */,
				3FA231A12941C2780015BA8A /* CoreDataSavedItemViewModel.swift in Sources */,
				97FC3EEC292D8EC8002F7261 /* AllergenView.swift in Sources */,
				30D91D31290750C300035F16 /* Food.swift in Sources */,
				97FC3EE929299260002F7261 /* ProfileTabModel.swift in Sources */,
				97FC3EEE292D8ED8002F7261 /* SavedListView.swift in Sources */,
				97278ADE29105F11001492B1 /* WelcomeView.swift in Sources */,
				30D91D2F29074F7100035F16 /* FoodAllergyRepository.swift in Sources */,
				307A5CE3291C9DD200F49285 /* IngredientView.swift in Sources */,
				3F8F7BE9293A7B14009368CB /* NetworkManager.swift in Sources */,
				30D91D3529075EA400035F16 /* BarcodeView.swift in Sources */,
				3FA2319F2941C2330015BA8A /* CoreDataAllergenViewModel.swift in Sources */,
				3F8F7BE7293A72A7009368CB /* EditProfileView.swift in Sources */,
				308CF56D2929B66E0021AEDC /* ToggleButton.swift in Sources */,
				97A9365F2900AE5300994E0F /* SearchView.swift in Sources */,
				3F8F7BEB293A7B83009368CB /* SearchedItemView.swift in Sources */,
				3FA231A529484F080015BA8A /* SearchedItemNotExistView.swift in Sources */,
				97FC3EE52929843E002F7261 /* AllergenPickView.swift in Sources */,
				97278AE029105F1D001492B1 /* LoginView.swift in Sources */,
				3FA2319A2941C18C0015BA8A /* AllergenContainer.xcdatamodeld in Sources */,
				3F8F7BED293A8846009368CB /* SearchedItemIngredientView.swift in Sources */,
				97A9365D2900AE5300994E0F /* GaiaApp.swift in Sources */,
			);
			runOnlyForDeploymentPostprocessing = 0;
		};
		97A936652900AE5500994E0F /* Sources */ = {
			isa = PBXSourcesBuildPhase;
			buildActionMask = 2147483647;
			files = (
				97A9366E2900AE5500994E0F /* GaiaTests.swift in Sources */,
			);
			runOnlyForDeploymentPostprocessing = 0;
		};
		97A9366F2900AE5500994E0F /* Sources */ = {
			isa = PBXSourcesBuildPhase;
			buildActionMask = 2147483647;
			files = (
				97A9367A2900AE5500994E0F /* GaiaUITestsLaunchTests.swift in Sources */,
				97A936782900AE5500994E0F /* GaiaUITests.swift in Sources */,
			);
			runOnlyForDeploymentPostprocessing = 0;
		};
/* End PBXSourcesBuildPhase section */

/* Begin PBXTargetDependency section */
		97A9366B2900AE5500994E0F /* PBXTargetDependency */ = {
			isa = PBXTargetDependency;
			target = 97A936582900AE5300994E0F /* Gaia */;
			targetProxy = 97A9366A2900AE5500994E0F /* PBXContainerItemProxy */;
		};
		97A936752900AE5500994E0F /* PBXTargetDependency */ = {
			isa = PBXTargetDependency;
			target = 97A936582900AE5300994E0F /* Gaia */;
			targetProxy = 97A936742900AE5500994E0F /* PBXContainerItemProxy */;
		};
/* End PBXTargetDependency section */

/* Begin XCBuildConfiguration section */
		97A9367B2900AE5500994E0F /* Debug */ = {
			isa = XCBuildConfiguration;
			buildSettings = {
				ALWAYS_SEARCH_USER_PATHS = NO;
				CLANG_ANALYZER_NONNULL = YES;
				CLANG_ANALYZER_NUMBER_OBJECT_CONVERSION = YES_AGGRESSIVE;
				CLANG_CXX_LANGUAGE_STANDARD = "gnu++20";
				CLANG_ENABLE_MODULES = YES;
				CLANG_ENABLE_OBJC_ARC = YES;
				CLANG_ENABLE_OBJC_WEAK = YES;
				CLANG_WARN_BLOCK_CAPTURE_AUTORELEASING = YES;
				CLANG_WARN_BOOL_CONVERSION = YES;
				CLANG_WARN_COMMA = YES;
				CLANG_WARN_CONSTANT_CONVERSION = YES;
				CLANG_WARN_DEPRECATED_OBJC_IMPLEMENTATIONS = YES;
				CLANG_WARN_DIRECT_OBJC_ISA_USAGE = YES_ERROR;
				CLANG_WARN_DOCUMENTATION_COMMENTS = YES;
				CLANG_WARN_EMPTY_BODY = YES;
				CLANG_WARN_ENUM_CONVERSION = YES;
				CLANG_WARN_INFINITE_RECURSION = YES;
				CLANG_WARN_INT_CONVERSION = YES;
				CLANG_WARN_NON_LITERAL_NULL_CONVERSION = YES;
				CLANG_WARN_OBJC_IMPLICIT_RETAIN_SELF = YES;
				CLANG_WARN_OBJC_LITERAL_CONVERSION = YES;
				CLANG_WARN_OBJC_ROOT_CLASS = YES_ERROR;
				CLANG_WARN_QUOTED_INCLUDE_IN_FRAMEWORK_HEADER = YES;
				CLANG_WARN_RANGE_LOOP_ANALYSIS = YES;
				CLANG_WARN_STRICT_PROTOTYPES = YES;
				CLANG_WARN_SUSPICIOUS_MOVE = YES;
				CLANG_WARN_UNGUARDED_AVAILABILITY = YES_AGGRESSIVE;
				CLANG_WARN_UNREACHABLE_CODE = YES;
				CLANG_WARN__DUPLICATE_METHOD_MATCH = YES;
				COPY_PHASE_STRIP = NO;
				DEBUG_INFORMATION_FORMAT = dwarf;
				ENABLE_STRICT_OBJC_MSGSEND = YES;
				ENABLE_TESTABILITY = YES;
				GCC_C_LANGUAGE_STANDARD = gnu11;
				GCC_DYNAMIC_NO_PIC = NO;
				GCC_NO_COMMON_BLOCKS = YES;
				GCC_OPTIMIZATION_LEVEL = 0;
				GCC_PREPROCESSOR_DEFINITIONS = (
					"DEBUG=1",
					"$(inherited)",
				);
				GCC_WARN_64_TO_32_BIT_CONVERSION = YES;
				GCC_WARN_ABOUT_RETURN_TYPE = YES_ERROR;
				GCC_WARN_UNDECLARED_SELECTOR = YES;
				GCC_WARN_UNINITIALIZED_AUTOS = YES_AGGRESSIVE;
				GCC_WARN_UNUSED_FUNCTION = YES;
				GCC_WARN_UNUSED_VARIABLE = YES;
				IPHONEOS_DEPLOYMENT_TARGET = 16.0;
				MTL_ENABLE_DEBUG_INFO = INCLUDE_SOURCE;
				MTL_FAST_MATH = YES;
				ONLY_ACTIVE_ARCH = YES;
				SDKROOT = iphoneos;
				SWIFT_ACTIVE_COMPILATION_CONDITIONS = DEBUG;
				SWIFT_OPTIMIZATION_LEVEL = "-Onone";
			};
			name = Debug;
		};
		97A9367C2900AE5500994E0F /* Release */ = {
			isa = XCBuildConfiguration;
			buildSettings = {
				ALWAYS_SEARCH_USER_PATHS = NO;
				CLANG_ANALYZER_NONNULL = YES;
				CLANG_ANALYZER_NUMBER_OBJECT_CONVERSION = YES_AGGRESSIVE;
				CLANG_CXX_LANGUAGE_STANDARD = "gnu++20";
				CLANG_ENABLE_MODULES = YES;
				CLANG_ENABLE_OBJC_ARC = YES;
				CLANG_ENABLE_OBJC_WEAK = YES;
				CLANG_WARN_BLOCK_CAPTURE_AUTORELEASING = YES;
				CLANG_WARN_BOOL_CONVERSION = YES;
				CLANG_WARN_COMMA = YES;
				CLANG_WARN_CONSTANT_CONVERSION = YES;
				CLANG_WARN_DEPRECATED_OBJC_IMPLEMENTATIONS = YES;
				CLANG_WARN_DIRECT_OBJC_ISA_USAGE = YES_ERROR;
				CLANG_WARN_DOCUMENTATION_COMMENTS = YES;
				CLANG_WARN_EMPTY_BODY = YES;
				CLANG_WARN_ENUM_CONVERSION = YES;
				CLANG_WARN_INFINITE_RECURSION = YES;
				CLANG_WARN_INT_CONVERSION = YES;
				CLANG_WARN_NON_LITERAL_NULL_CONVERSION = YES;
				CLANG_WARN_OBJC_IMPLICIT_RETAIN_SELF = YES;
				CLANG_WARN_OBJC_LITERAL_CONVERSION = YES;
				CLANG_WARN_OBJC_ROOT_CLASS = YES_ERROR;
				CLANG_WARN_QUOTED_INCLUDE_IN_FRAMEWORK_HEADER = YES;
				CLANG_WARN_RANGE_LOOP_ANALYSIS = YES;
				CLANG_WARN_STRICT_PROTOTYPES = YES;
				CLANG_WARN_SUSPICIOUS_MOVE = YES;
				CLANG_WARN_UNGUARDED_AVAILABILITY = YES_AGGRESSIVE;
				CLANG_WARN_UNREACHABLE_CODE = YES;
				CLANG_WARN__DUPLICATE_METHOD_MATCH = YES;
				COPY_PHASE_STRIP = NO;
				DEBUG_INFORMATION_FORMAT = "dwarf-with-dsym";
				ENABLE_NS_ASSERTIONS = NO;
				ENABLE_STRICT_OBJC_MSGSEND = YES;
				GCC_C_LANGUAGE_STANDARD = gnu11;
				GCC_NO_COMMON_BLOCKS = YES;
				GCC_WARN_64_TO_32_BIT_CONVERSION = YES;
				GCC_WARN_ABOUT_RETURN_TYPE = YES_ERROR;
				GCC_WARN_UNDECLARED_SELECTOR = YES;
				GCC_WARN_UNINITIALIZED_AUTOS = YES_AGGRESSIVE;
				GCC_WARN_UNUSED_FUNCTION = YES;
				GCC_WARN_UNUSED_VARIABLE = YES;
				IPHONEOS_DEPLOYMENT_TARGET = 16.0;
				MTL_ENABLE_DEBUG_INFO = NO;
				MTL_FAST_MATH = YES;
				SDKROOT = iphoneos;
				SWIFT_COMPILATION_MODE = wholemodule;
				SWIFT_OPTIMIZATION_LEVEL = "-O";
				VALIDATE_PRODUCT = YES;
			};
			name = Release;
		};
		97A9367E2900AE5500994E0F /* Debug */ = {
			isa = XCBuildConfiguration;
			buildSettings = {
				ASSETCATALOG_COMPILER_APPICON_NAME = AppIcon;
				ASSETCATALOG_COMPILER_GLOBAL_ACCENT_COLOR_NAME = AccentColor;
				CODE_SIGN_IDENTITY = "Apple Development";
				CODE_SIGN_STYLE = Automatic;
				CURRENT_PROJECT_VERSION = 1;
				DEVELOPMENT_ASSET_PATHS = "\"Gaia/Preview Content\"";
				DEVELOPMENT_TEAM = 676S38V44Q;
				ENABLE_PREVIEWS = YES;
				GENERATE_INFOPLIST_FILE = YES;
				INFOPLIST_FILE = Gaia/Info.plist;
				INFOPLIST_KEY_CFBundleDisplayName = EpiFoods;
				INFOPLIST_KEY_LSApplicationCategoryType = "public.app-category.food-and-drink";
				INFOPLIST_KEY_NSCameraUsageDescription = "The app needs camera access to scan barcode";
				INFOPLIST_KEY_UIApplicationSceneManifest_Generation = YES;
				INFOPLIST_KEY_UIApplicationSupportsIndirectInputEvents = YES;
				INFOPLIST_KEY_UILaunchScreen_Generation = YES;
				INFOPLIST_KEY_UISupportedInterfaceOrientations_iPad = "UIInterfaceOrientationPortrait UIInterfaceOrientationPortraitUpsideDown UIInterfaceOrientationLandscapeLeft UIInterfaceOrientationLandscapeRight";
				INFOPLIST_KEY_UISupportedInterfaceOrientations_iPhone = "UIInterfaceOrientationPortrait UIInterfaceOrientationLandscapeLeft UIInterfaceOrientationLandscapeRight";
				LD_RUNPATH_SEARCH_PATHS = (
					"$(inherited)",
					"@executable_path/Frameworks",
				);
				MARKETING_VERSION = 1.0;
				PRODUCT_BUNDLE_IDENTIFIER = com.JiayuLiang.Gaia2;
				PRODUCT_NAME = "$(TARGET_NAME)";
				PROVISIONING_PROFILE_SPECIFIER = "";
				SUPPORTED_PLATFORMS = "iphoneos iphonesimulator";
				SUPPORTS_MACCATALYST = NO;
				SUPPORTS_MAC_DESIGNED_FOR_IPHONE_IPAD = NO;
				SWIFT_EMIT_LOC_STRINGS = YES;
				SWIFT_VERSION = 5.0;
				TARGETED_DEVICE_FAMILY = 1;
			};
			name = Debug;
		};
		97A9367F2900AE5500994E0F /* Release */ = {
			isa = XCBuildConfiguration;
			buildSettings = {
				ASSETCATALOG_COMPILER_APPICON_NAME = AppIcon;
				ASSETCATALOG_COMPILER_GLOBAL_ACCENT_COLOR_NAME = AccentColor;
				CODE_SIGN_IDENTITY = "Apple Development";
				CODE_SIGN_STYLE = Automatic;
				CURRENT_PROJECT_VERSION = 1;
				DEVELOPMENT_ASSET_PATHS = "\"Gaia/Preview Content\"";
				DEVELOPMENT_TEAM = 676S38V44Q;
				ENABLE_PREVIEWS = YES;
				GENERATE_INFOPLIST_FILE = YES;
				INFOPLIST_FILE = Gaia/Info.plist;
				INFOPLIST_KEY_CFBundleDisplayName = EpiFoods;
				INFOPLIST_KEY_LSApplicationCategoryType = "public.app-category.food-and-drink";
				INFOPLIST_KEY_NSCameraUsageDescription = "The app needs camera access to scan barcode";
				INFOPLIST_KEY_UIApplicationSceneManifest_Generation = YES;
				INFOPLIST_KEY_UIApplicationSupportsIndirectInputEvents = YES;
				INFOPLIST_KEY_UILaunchScreen_Generation = YES;
				INFOPLIST_KEY_UISupportedInterfaceOrientations_iPad = "UIInterfaceOrientationPortrait UIInterfaceOrientationPortraitUpsideDown UIInterfaceOrientationLandscapeLeft UIInterfaceOrientationLandscapeRight";
				INFOPLIST_KEY_UISupportedInterfaceOrientations_iPhone = "UIInterfaceOrientationPortrait UIInterfaceOrientationLandscapeLeft UIInterfaceOrientationLandscapeRight";
				LD_RUNPATH_SEARCH_PATHS = (
					"$(inherited)",
					"@executable_path/Frameworks",
				);
				MARKETING_VERSION = 1.0;
				PRODUCT_BUNDLE_IDENTIFIER = com.JiayuLiang.Gaia2;
				PRODUCT_NAME = "$(TARGET_NAME)";
				PROVISIONING_PROFILE_SPECIFIER = "";
				SUPPORTED_PLATFORMS = "iphoneos iphonesimulator";
				SUPPORTS_MACCATALYST = NO;
				SUPPORTS_MAC_DESIGNED_FOR_IPHONE_IPAD = NO;
				SWIFT_EMIT_LOC_STRINGS = YES;
				SWIFT_VERSION = 5.0;
				TARGETED_DEVICE_FAMILY = 1;
			};
			name = Release;
		};
		97A936812900AE5500994E0F /* Debug */ = {
			isa = XCBuildConfiguration;
			buildSettings = {
				ALWAYS_EMBED_SWIFT_STANDARD_LIBRARIES = YES;
				BUNDLE_LOADER = "$(TEST_HOST)";
				CODE_SIGN_STYLE = Automatic;
				CURRENT_PROJECT_VERSION = 1;
				DEVELOPMENT_TEAM = 8BRD5NA4GT;
				GENERATE_INFOPLIST_FILE = YES;
				IPHONEOS_DEPLOYMENT_TARGET = 16.0;
				MARKETING_VERSION = 1.0;
				PRODUCT_BUNDLE_IDENTIFIER = com.JiayuLiang.GaiaTests;
				PRODUCT_NAME = "$(TARGET_NAME)";
				SWIFT_EMIT_LOC_STRINGS = NO;
				SWIFT_VERSION = 5.0;
				TARGETED_DEVICE_FAMILY = "1,2";
				TEST_HOST = "$(BUILT_PRODUCTS_DIR)/Gaia.app/$(BUNDLE_EXECUTABLE_FOLDER_PATH)/Gaia";
			};
			name = Debug;
		};
		97A936822900AE5500994E0F /* Release */ = {
			isa = XCBuildConfiguration;
			buildSettings = {
				ALWAYS_EMBED_SWIFT_STANDARD_LIBRARIES = YES;
				BUNDLE_LOADER = "$(TEST_HOST)";
				CODE_SIGN_STYLE = Automatic;
				CURRENT_PROJECT_VERSION = 1;
				DEVELOPMENT_TEAM = 8BRD5NA4GT;
				GENERATE_INFOPLIST_FILE = YES;
				IPHONEOS_DEPLOYMENT_TARGET = 16.0;
				MARKETING_VERSION = 1.0;
				PRODUCT_BUNDLE_IDENTIFIER = com.JiayuLiang.GaiaTests;
				PRODUCT_NAME = "$(TARGET_NAME)";
				SWIFT_EMIT_LOC_STRINGS = NO;
				SWIFT_VERSION = 5.0;
				TARGETED_DEVICE_FAMILY = "1,2";
				TEST_HOST = "$(BUILT_PRODUCTS_DIR)/Gaia.app/$(BUNDLE_EXECUTABLE_FOLDER_PATH)/Gaia";
			};
			name = Release;
		};
		97A936842900AE5500994E0F /* Debug */ = {
			isa = XCBuildConfiguration;
			buildSettings = {
				ALWAYS_EMBED_SWIFT_STANDARD_LIBRARIES = YES;
				CODE_SIGN_STYLE = Automatic;
				CURRENT_PROJECT_VERSION = 1;
				DEVELOPMENT_TEAM = 8BRD5NA4GT;
				GENERATE_INFOPLIST_FILE = YES;
				MARKETING_VERSION = 1.0;
				PRODUCT_BUNDLE_IDENTIFIER = com.JiayuLiang.GaiaUITests;
				PRODUCT_NAME = "$(TARGET_NAME)";
				SWIFT_EMIT_LOC_STRINGS = NO;
				SWIFT_VERSION = 5.0;
				TARGETED_DEVICE_FAMILY = "1,2";
				TEST_TARGET_NAME = Gaia;
			};
			name = Debug;
		};
		97A936852900AE5500994E0F /* Release */ = {
			isa = XCBuildConfiguration;
			buildSettings = {
				ALWAYS_EMBED_SWIFT_STANDARD_LIBRARIES = YES;
				CODE_SIGN_STYLE = Automatic;
				CURRENT_PROJECT_VERSION = 1;
				DEVELOPMENT_TEAM = 8BRD5NA4GT;
				GENERATE_INFOPLIST_FILE = YES;
				MARKETING_VERSION = 1.0;
				PRODUCT_BUNDLE_IDENTIFIER = com.JiayuLiang.GaiaUITests;
				PRODUCT_NAME = "$(TARGET_NAME)";
				SWIFT_EMIT_LOC_STRINGS = NO;
				SWIFT_VERSION = 5.0;
				TARGETED_DEVICE_FAMILY = "1,2";
				TEST_TARGET_NAME = Gaia;
			};
			name = Release;
		};
/* End XCBuildConfiguration section */

/* Begin XCConfigurationList section */
		97A936542900AE5300994E0F /* Build configuration list for PBXProject "Gaia" */ = {
			isa = XCConfigurationList;
			buildConfigurations = (
				97A9367B2900AE5500994E0F /* Debug */,
				97A9367C2900AE5500994E0F /* Release */,
			);
			defaultConfigurationIsVisible = 0;
			defaultConfigurationName = Release;
		};
		97A9367D2900AE5500994E0F /* Build configuration list for PBXNativeTarget "Gaia" */ = {
			isa = XCConfigurationList;
			buildConfigurations = (
				97A9367E2900AE5500994E0F /* Debug */,
				97A9367F2900AE5500994E0F /* Release */,
			);
			defaultConfigurationIsVisible = 0;
			defaultConfigurationName = Release;
		};
		97A936802900AE5500994E0F /* Build configuration list for PBXNativeTarget "GaiaTests" */ = {
			isa = XCConfigurationList;
			buildConfigurations = (
				97A936812900AE5500994E0F /* Debug */,
				97A936822900AE5500994E0F /* Release */,
			);
			defaultConfigurationIsVisible = 0;
			defaultConfigurationName = Release;
		};
		97A936832900AE5500994E0F /* Build configuration list for PBXNativeTarget "GaiaUITests" */ = {
			isa = XCConfigurationList;
			buildConfigurations = (
				97A936842900AE5500994E0F /* Debug */,
				97A936852900AE5500994E0F /* Release */,
			);
			defaultConfigurationIsVisible = 0;
			defaultConfigurationName = Release;
		};
/* End XCConfigurationList section */

/* Begin XCRemoteSwiftPackageReference section */
		30D91D1B29074AE800035F16 /* XCRemoteSwiftPackageReference "firebase-ios-sdk" */ = {
			isa = XCRemoteSwiftPackageReference;
			repositoryURL = "https://github.com/firebase/firebase-ios-sdk";
			requirement = {
				kind = upToNextMajorVersion;
				minimumVersion = 9.0.0;
			};
		};
/* End XCRemoteSwiftPackageReference section */

/* Begin XCSwiftPackageProductDependency section */
		30D91D1C29074AE900035F16 /* FirebaseAuth */ = {
			isa = XCSwiftPackageProductDependency;
			package = 30D91D1B29074AE800035F16 /* XCRemoteSwiftPackageReference "firebase-ios-sdk" */;
			productName = FirebaseAuth;
		};
		30D91D1E29074AE900035F16 /* FirebaseAuthCombine-Community */ = {
			isa = XCSwiftPackageProductDependency;
			package = 30D91D1B29074AE800035F16 /* XCRemoteSwiftPackageReference "firebase-ios-sdk" */;
			productName = "FirebaseAuthCombine-Community";
		};
		30D91D2029074AE900035F16 /* FirebaseDatabase */ = {
			isa = XCSwiftPackageProductDependency;
			package = 30D91D1B29074AE800035F16 /* XCRemoteSwiftPackageReference "firebase-ios-sdk" */;
			productName = FirebaseDatabase;
		};
		30D91D2229074AE900035F16 /* FirebaseDatabaseSwift */ = {
			isa = XCSwiftPackageProductDependency;
			package = 30D91D1B29074AE800035F16 /* XCRemoteSwiftPackageReference "firebase-ios-sdk" */;
			productName = FirebaseDatabaseSwift;
		};
		30D91D2429074AE900035F16 /* FirebaseFirestore */ = {
			isa = XCSwiftPackageProductDependency;
			package = 30D91D1B29074AE800035F16 /* XCRemoteSwiftPackageReference "firebase-ios-sdk" */;
			productName = FirebaseFirestore;
		};
		30D91D2629074AE900035F16 /* FirebaseFirestoreCombine-Community */ = {
			isa = XCSwiftPackageProductDependency;
			package = 30D91D1B29074AE800035F16 /* XCRemoteSwiftPackageReference "firebase-ios-sdk" */;
			productName = "FirebaseFirestoreCombine-Community";
		};
		30D91D2829074AE900035F16 /* FirebaseFirestoreSwift */ = {
			isa = XCSwiftPackageProductDependency;
			package = 30D91D1B29074AE800035F16 /* XCRemoteSwiftPackageReference "firebase-ios-sdk" */;
			productName = FirebaseFirestoreSwift;
		};
		30D91D2A29074AE900035F16 /* FirebaseStorage */ = {
			isa = XCSwiftPackageProductDependency;
			package = 30D91D1B29074AE800035F16 /* XCRemoteSwiftPackageReference "firebase-ios-sdk" */;
			productName = FirebaseStorage;
		};
		30D91D2C29074AE900035F16 /* FirebaseStorageCombine-Community */ = {
			isa = XCSwiftPackageProductDependency;
			package = 30D91D1B29074AE800035F16 /* XCRemoteSwiftPackageReference "firebase-ios-sdk" */;
			productName = "FirebaseStorageCombine-Community";
		};
/* End XCSwiftPackageProductDependency section */

/* Begin XCVersionGroup section */
		3FA231982941C18C0015BA8A /* AllergenContainer.xcdatamodeld */ = {
			isa = XCVersionGroup;
			children = (
				3FA231992941C18C0015BA8A /* AllergenContainer.xcdatamodel */,
			);
			currentVersion = 3FA231992941C18C0015BA8A /* AllergenContainer.xcdatamodel */;
			path = AllergenContainer.xcdatamodeld;
			sourceTree = "<group>";
			versionGroupType = wrapper.xcdatamodel;
		};
		3FA2319B2941C1C60015BA8A /* SavedItemContainer.xcdatamodeld */ = {
			isa = XCVersionGroup;
			children = (
				3FA2319C2941C1C60015BA8A /* SavedItemContainer.xcdatamodel */,
			);
			currentVersion = 3FA2319C2941C1C60015BA8A /* SavedItemContainer.xcdatamodel */;
			path = SavedItemContainer.xcdatamodeld;
			sourceTree = "<group>";
			versionGroupType = wrapper.xcdatamodel;
		};
/* End XCVersionGroup section */
	};
	rootObject = 97A936512900AE5300994E0F /* Project object */;
}
